
Microsoft Visual Studio Solution File, Format Version 12.00
# Visual Studio Version 17
VisualStudioVersion = 17.6.33723.286
MinimumVisualStudioVersion = 10.0.40219.1
Project("{9A19103F-16F7-4668-BE54-9A1E7A4F7556}") = "Redis.OM.Skeleton", "Redis.OM.Skeleton.csproj", "{217F2B31-29EF-423D-95A1-E4518D743352}"
EndProject
Global
	GlobalSection(SolutionConfigurationPlatforms) = preSolution
		Debug|Any CPU = Debug|Any CPU
		Release|Any CPU = Release|Any CPU
	EndGlobalSection
	GlobalSection(ProjectConfigurationPlatforms) = postSolution
		{217F2B31-29EF-423D-95A1-E4518D743352}.Debug|Any CPU.ActiveCfg = Debug|Any CPU
		{217F2B31-29EF-423D-95A1-E4518D743352}.Debug|Any CPU.Build.0 = Debug|Any CPU
		{217F2B31-29EF-423D-95A1-E4518D743352}.Release|Any CPU.ActiveCfg = Release|Any CPU
		{217F2B31-29EF-423D-95A1-E4518D743352}.Release|Any CPU.Build.0 = Release|Any CPU
	EndGlobalSection
	GlobalSection(SolutionProperties) = preSolution
		HideSolutionNode = FALSE
	EndGlobalSection
	GlobalSection(ExtensibilityGlobals) = postSolution
		SolutionGuid = {63639A16-3EE5-4405-AAA1-D7B48FCE3B4B}
	EndGlobalSection
EndGlobal
